{
  "name": "agentic-survey-mcp",
  "version": "0.0.0",
  "lockfileVersion": 3,
  "requires": true,
  "packages": {
    "": {
      "name": "agentic-survey-mcp",
      "version": "0.0.0",
      "license": "MIT",
      "workspaces": [
        "packages/*"
      ],
      "devDependencies": {
        "typescript": "^5.6.0"
      },
      "engines": {
        "node": ">=20"
      }
    },
    "node_modules/@agentic-survey/core": {
      "resolved": "packages/core",
      "link": true
    },
    "node_modules/@agentic-survey/mcp-server": {
      "resolved": "packages/mcp-server",
      "link": true
    },
    "node_modules/@agentic-survey/page-service": {
      "resolved": "packages/page-service",
      "link": true
    },
    "node_modules/@agentic-survey/schema": {
      "resolved": "packages/schema",
      "link": true
    },
    "node_modules/typescript": {
      "version": "5.9.3",
      "resolved": "https://registry.npmjs.org/typescript/-/typescript-5.9.3.tgz",
      "integrity": "sha512-jl1vZzPDinLr9eUt3J/t7V6FgNEw9QjvBPdysz9KfQDD41fQrC2Y4vKQdiaUpFT4bXlb1RHhLpp8wtm6M5TgSw==",
      "dev": true,
      "license": "Apache-2.0",
      "bin": {
        "tsc": "bin/tsc",
        "tsserver": "bin/tsserver"
      },
      "engines": {
        "node": ">=14.17"
      }
    },
    "packages/core": {
      "name": "@agentic-survey/core",
      "version": "0.0.0",
      "license": "MIT",
      "dependencies": {
        "@agentic-survey/schema": "*"
      }
    },
    "packages/mcp-server": {
      "name": "@agentic-survey/mcp-server",
      "version": "0.0.0",
      "license": "MIT",
      "dependencies": {
        "@agentic-survey/core": "*",
        "@agentic-survey/schema": "*"
      },
      "bin": {
        "agentic-survey": "src/cli.ts"
      }
    },
    "packages/page-service": {
      "name": "@agentic-survey/page-service",
      "version": "0.0.0",
      "license": "MIT",
      "dependencies": {
        "@agentic-survey/core": "*",
        "@agentic-survey/schema": "*"
      }
    },
    "packages/schema": {
      "name": "@agentic-survey/schema",
      "version": "0.0.0",
      "license": "MIT"
    }
  }
}
